
Microsoft Visual Studio Solution File, Format Version 12.00
# Visual Studio 2013
VisualStudioVersion = 12.0.31101.0
MinimumVisualStudioVersion = 10.0.40219.1
Project("{FAE04EC0-301F-11D3-BF4B-00C04F79EFBC}") = "Spreadsheet", "Spreadsheet\Spreadsheet.csproj", "{56EB475D-A2DE-41A1-8206-095089AA8B1B}"
EndProject
Project("{FAE04EC0-301F-11D3-BF4B-00C04F79EFBC}") = "Resources", "Resources\Resources.csproj", "{6A0410B3-48CB-4B67-A718-5F18F36874D8}"
EndProject
Project("{FAE04EC0-301F-11D3-BF4B-00C04F79EFBC}") = "SpreadsheetTests", "SpreadsheetTests\SpreadsheetTests.csproj", "{9AE9A68B-275E-4EF9-98FB-B2B467513898}"
EndProject
Project("{FAE04EC0-301F-11D3-BF4B-00C04F79EFBC}") = "SpreadsheetGUI", "SpreadsheetGUI\SpreadsheetGUI.csproj", "{69DBD27D-6009-48F4-83DE-C07602D20C87}"
EndProject
Project("{F184B08F-C81C-45F6-A57F-5ABD9991F28F}") = "GUITester", "GUITester\GUITester.vbproj", "{A9168B69-422C-495F-AEE5-83345AD7C0F9}"
EndProject
Project("{FAE04EC0-301F-11D3-BF4B-00C04F79EFBC}") = "SSModel", "SSModel\SSModel.csproj", "{E2D01BDA-614C-4D04-BFFF-573CD44AA3DB}"
EndProject
Project("{FAE04EC0-301F-11D3-BF4B-00C04F79EFBC}") = "StringSocket", "StringSocket\StringSocket.csproj", "{E1838F9A-BCCC-423D-A1C1-F11372AF78DF}"
EndProject
Project("{FAE04EC0-301F-11D3-BF4B-00C04F79EFBC}") = "Formula", "..\..\..\..\..\Documents\Visual Studio 2013\Projects\PS32\Formula\Formula.csproj", "{CBEB2A78-FBA5-4E6A-AA34-783C52AB802F}"
EndProject
Global
	GlobalSection(SubversionScc) = preSolution
		Svn-Managed = True
		Manager = AnkhSVN - Subversion Support for Visual Studio
	EndGlobalSection
	GlobalSection(SolutionConfigurationPlatforms) = preSolution
		Debug|Any CPU = Debug|Any CPU
		Release|Any CPU = Release|Any CPU
	EndGlobalSection
	GlobalSection(ProjectConfigurationPlatforms) = postSolution
		{56EB475D-A2DE-41A1-8206-095089AA8B1B}.Debug|Any CPU.ActiveCfg = Debug|Any CPU
		{56EB475D-A2DE-41A1-8206-095089AA8B1B}.Debug|Any CPU.Build.0 = Debug|Any CPU
		{56EB475D-A2DE-41A1-8206-095089AA8B1B}.Release|Any CPU.ActiveCfg = Release|Any CPU
		{56EB475D-A2DE-41A1-8206-095089AA8B1B}.Release|Any CPU.Build.0 = Release|Any CPU
		{6A0410B3-48CB-4B67-A718-5F18F36874D8}.Debug|Any CPU.ActiveCfg = Debug|Any CPU
		{6A0410B3-48CB-4B67-A718-5F18F36874D8}.Release|Any CPU.ActiveCfg = Release|Any CPU
		{6A0410B3-48CB-4B67-A718-5F18F36874D8}.Release|Any CPU.Build.0 = Release|Any CPU
		{9AE9A68B-275E-4EF9-98FB-B2B467513898}.Debug|Any CPU.ActiveCfg = Debug|Any CPU
		{9AE9A68B-275E-4EF9-98FB-B2B467513898}.Debug|Any CPU.Build.0 = Debug|Any CPU
		{9AE9A68B-275E-4EF9-98FB-B2B467513898}.Release|Any CPU.ActiveCfg = Release|Any CPU
		{9AE9A68B-275E-4EF9-98FB-B2B467513898}.Release|Any CPU.Build.0 = Release|Any CPU
		{69DBD27D-6009-48F4-83DE-C07602D20C87}.Debug|Any CPU.ActiveCfg = Debug|Any CPU
		{69DBD27D-6009-48F4-83DE-C07602D20C87}.Debug|Any CPU.Build.0 = Debug|Any CPU
		{69DBD27D-6009-48F4-83DE-C07602D20C87}.Release|Any CPU.ActiveCfg = Release|Any CPU
		{69DBD27D-6009-48F4-83DE-C07602D20C87}.Release|Any CPU.Build.0 = Release|Any CPU
		{A9168B69-422C-495F-AEE5-83345AD7C0F9}.Debug|Any CPU.ActiveCfg = Debug|Any CPU
		{A9168B69-422C-495F-AEE5-83345AD7C0F9}.Debug|Any CPU.Build.0 = Debug|Any CPU
		{A9168B69-422C-495F-AEE5-83345AD7C0F9}.Release|Any CPU.ActiveCfg = Release|Any CPU
		{A9168B69-422C-495F-AEE5-83345AD7C0F9}.Release|Any CPU.Build.0 = Release|Any CPU
		{E2D01BDA-614C-4D04-BFFF-573CD44AA3DB}.Debug|Any CPU.ActiveCfg = Debug|Any CPU
		{E2D01BDA-614C-4D04-BFFF-573CD44AA3DB}.Debug|Any CPU.Build.0 = Debug|Any CPU
		{E2D01BDA-614C-4D04-BFFF-573CD44AA3DB}.Release|Any CPU.ActiveCfg = Release|Any CPU
		{E2D01BDA-614C-4D04-BFFF-573CD44AA3DB}.Release|Any CPU.Build.0 = Release|Any CPU
		{E1838F9A-BCCC-423D-A1C1-F11372AF78DF}.Debug|Any CPU.ActiveCfg = Debug|Any CPU
		{E1838F9A-BCCC-423D-A1C1-F11372AF78DF}.Debug|Any CPU.Build.0 = Debug|Any CPU
		{E1838F9A-BCCC-423D-A1C1-F11372AF78DF}.Release|Any CPU.ActiveCfg = Release|Any CPU
		{E1838F9A-BCCC-423D-A1C1-F11372AF78DF}.Release|Any CPU.Build.0 = Release|Any CPU
		{CBEB2A78-FBA5-4E6A-AA34-783C52AB802F}.Debug|Any CPU.ActiveCfg = Debug|Any CPU
		{CBEB2A78-FBA5-4E6A-AA34-783C52AB802F}.Debug|Any CPU.Build.0 = Debug|Any CPU
		{CBEB2A78-FBA5-4E6A-AA34-783C52AB802F}.Release|Any CPU.ActiveCfg = Release|Any CPU
		{CBEB2A78-FBA5-4E6A-AA34-783C52AB802F}.Release|Any CPU.Build.0 = Release|Any CPU
	EndGlobalSection
	GlobalSection(SolutionProperties) = preSolution
		HideSolutionNode = FALSE
	EndGlobalSection
EndGlobal
